
Microsoft Visual Studio Solution File, Format Version 12.00
# Visual Studio Version 17
VisualStudioVersion = 17.5.33530.505
MinimumVisualStudioVersion = 10.0.40219.1
Project("{FAE04EC0-301F-11D3-BF4B-00C04F79EFBC}") = "TimeTrack", "TimeTrack.csproj", "{8F2C6068-A0EA-4588-86A8-8F86F04B795E}"
EndProject
Global
	GlobalSection(SolutionConfigurationPlatforms) = preSolution
		Debug|Any CPU = Debug|Any CPU
		Release|Any CPU = Release|Any CPU
	EndGlobalSection
	GlobalSection(ProjectConfigurationPlatforms) = postSolution
		{8F2C6068-A0EA-4588-86A8-8F86F04B795E}.Debug|Any CPU.ActiveCfg = Debug|Any CPU
		{8F2C6068-A0EA-4588-86A8-8F86F04B795E}.Debug|Any CPU.Build.0 = Debug|Any CPU
		{8F2C6068-A0EA-4588-86A8-8F86F04B795E}.Release|Any CPU.ActiveCfg = Release|Any CPU
		{8F2C6068-A0EA-4588-86A8-8F86F04B795E}.Release|Any CPU.Build.0 = Release|Any CPU
	EndGlobalSection
	GlobalSection(SolutionProperties) = preSolution
		HideSolutionNode = FALSE
	EndGlobalSection
	GlobalSection(ExtensibilityGlobals) = postSolution
		SolutionGuid = {3047ECE2-F1A3-44F9-B2CB-D0D3DB015442}
	EndGlobalSection
EndGlobal
